data.terraform_remote_state.network: Reading...
module.kubernetes.module.this.module.eks_managed_node_group["default"].data.aws_caller_identity.current: Reading...
module.kubernetes.module.this.module.eks_managed_node_group["default"].data.aws_partition.current: Reading...
module.kubernetes.module.this.module.kms.data.aws_partition.current: Reading...
module.kubernetes.module.this.module.kms.data.aws_caller_identity.current: Reading...
module.kubernetes.module.this.data.aws_partition.current: Reading...
module.kubernetes.module.this.module.eks_managed_node_group["default"].data.aws_partition.current: Read complete after 0s [id=aws]
module.kubernetes.module.this.data.aws_partition.current: Read complete after 0s [id=aws]
module.kubernetes.module.this.data.aws_caller_identity.current: Reading...
module.kubernetes.module.this.module.kms.data.aws_partition.current: Read complete after 0s [id=aws]
module.kubernetes.module.this.module.eks_managed_node_group["default"].data.aws_iam_policy_document.assume_role_policy[0]: Reading...
module.kubernetes.module.this.data.aws_iam_policy_document.assume_role_policy[0]: Reading...
module.kubernetes.module.this.module.eks_managed_node_group["default"].data.aws_iam_policy_document.assume_role_policy[0]: Read complete after 0s [id=2560088296]
module.kubernetes.module.this.data.aws_iam_policy_document.assume_role_policy[0]: Read complete after 0s [id=2764486067]
module.kubernetes.module.this.module.kms.data.aws_caller_identity.current: Read complete after 0s [id=482660645658]
module.kubernetes.module.this.data.aws_caller_identity.current: Read complete after 0s [id=482660645658]
module.kubernetes.module.this.data.aws_iam_session_context.current: Reading...
module.kubernetes.module.this.data.aws_iam_session_context.current: Read complete after 0s [id=arn:aws:iam::482660645658:user/cloud_user]
module.kubernetes.module.this.module.eks_managed_node_group["default"].data.aws_caller_identity.current: Read complete after 0s [id=482660645658]
data.terraform_remote_state.network: Read complete after 1s

Terraform used the selected providers to generate the following execution
plan. Resource actions are indicated with the following symbols:
  + create
 <= read (data resources)

Terraform will perform the following actions:

  # module.kubernetes.module.this.data.aws_eks_addon_version.this["coredns"] will be read during apply
  # (depends on a resource or a module with changes pending)
 <= data "aws_eks_addon_version" "this" {
      + addon_name         = "coredns"
      + id                 = (known after apply)
      + kubernetes_version = "1.24"
      + version            = (known after apply)
    }

  # module.kubernetes.module.this.data.aws_eks_addon_version.this["kube-proxy"] will be read during apply
  # (depends on a resource or a module with changes pending)
 <= data "aws_eks_addon_version" "this" {
      + addon_name         = "kube-proxy"
      + id                 = (known after apply)
      + kubernetes_version = "1.24"
      + version            = (known after apply)
    }

  # module.kubernetes.module.this.data.aws_eks_addon_version.this["vpc-cni"] will be read during apply
  # (depends on a resource or a module with changes pending)
 <= data "aws_eks_addon_version" "this" {
      + addon_name         = "vpc-cni"
      + id                 = (known after apply)
      + kubernetes_version = "1.24"
      + most_recent        = true
      + version            = (known after apply)
    }

  # module.kubernetes.module.this.data.tls_certificate.this[0] will be read during apply
  # (config refers to values not yet known)
 <= data "tls_certificate" "this" {
      + certificates = (known after apply)
      + id           = (known after apply)
      + url          = (known after apply)
    }

  # module.kubernetes.module.this.aws_cloudwatch_log_group.this[0] will be created
  + resource "aws_cloudwatch_log_group" "this" {
      + arn               = (known after apply)
      + id                = (known after apply)
      + name              = "/aws/eks/kiada-dev/cluster"
      + name_prefix       = (known after apply)
      + retention_in_days = 90
      + skip_destroy      = false
      + tags              = {
          + "Environment" = "kiada"
          + "Name"        = "jmgilman-kiada-dev-kubernetes"
          + "Namespace"   = "jmgilman"
          + "Stage"       = "dev"
        }
      + tags_all          = {
          + "Environment" = "kiada"
          + "Name"        = "jmgilman-kiada-dev-kubernetes"
          + "Namespace"   = "jmgilman"
          + "Stage"       = "dev"
        }
    }

  # module.kubernetes.module.this.aws_ec2_tag.cluster_primary_security_group["Environment"] will be created
  + resource "aws_ec2_tag" "cluster_primary_security_group" {
      + id          = (known after apply)
      + key         = "Environment"
      + resource_id = (known after apply)
      + value       = "kiada"
    }

  # module.kubernetes.module.this.aws_ec2_tag.cluster_primary_security_group["Namespace"] will be created
  + resource "aws_ec2_tag" "cluster_primary_security_group" {
      + id          = (known after apply)
      + key         = "Namespace"
      + resource_id = (known after apply)
      + value       = "jmgilman"
    }

  # module.kubernetes.module.this.aws_ec2_tag.cluster_primary_security_group["Stage"] will be created
  + resource "aws_ec2_tag" "cluster_primary_security_group" {
      + id          = (known after apply)
      + key         = "Stage"
      + resource_id = (known after apply)
      + value       = "dev"
    }

  # module.kubernetes.module.this.aws_eks_addon.this["coredns"] will be created
  + resource "aws_eks_addon" "this" {
      + addon_name           = "coredns"
      + addon_version        = (known after apply)
      + arn                  = (known after apply)
      + cluster_name         = "kiada-dev"
      + configuration_values = (known after apply)
      + created_at           = (known after apply)
      + id                   = (known after apply)
      + modified_at          = (known after apply)
      + resolve_conflicts    = "OVERWRITE"
      + tags                 = {
          + "Environment" = "kiada"
          + "Name"        = "jmgilman-kiada-dev-kubernetes"
          + "Namespace"   = "jmgilman"
          + "Stage"       = "dev"
        }
      + tags_all             = {
          + "Environment" = "kiada"
          + "Name"        = "jmgilman-kiada-dev-kubernetes"
          + "Namespace"   = "jmgilman"
          + "Stage"       = "dev"
        }

      + timeouts {}
    }

  # module.kubernetes.module.this.aws_eks_addon.this["kube-proxy"] will be created
  + resource "aws_eks_addon" "this" {
      + addon_name           = "kube-proxy"
      + addon_version        = (known after apply)
      + arn                  = (known after apply)
      + cluster_name         = "kiada-dev"
      + configuration_values = (known after apply)
      + created_at           = (known after apply)
      + id                   = (known after apply)
      + modified_at          = (known after apply)
      + resolve_conflicts    = "OVERWRITE"
      + tags                 = {
          + "Environment" = "kiada"
          + "Name"        = "jmgilman-kiada-dev-kubernetes"
          + "Namespace"   = "jmgilman"
          + "Stage"       = "dev"
        }
      + tags_all             = {
          + "Environment" = "kiada"
          + "Name"        = "jmgilman-kiada-dev-kubernetes"
          + "Namespace"   = "jmgilman"
          + "Stage"       = "dev"
        }

      + timeouts {}
    }

  # module.kubernetes.module.this.aws_eks_addon.this["vpc-cni"] will be created
  + resource "aws_eks_addon" "this" {
      + addon_name           = "vpc-cni"
      + addon_version        = (known after apply)
      + arn                  = (known after apply)
      + cluster_name         = "kiada-dev"
      + configuration_values = jsonencode(
            {
              + env = {
                  + ENABLE_PREFIX_DELEGATION = "true"
                  + WARM_PREFIX_TARGET       = "1"
                }
            }
        )
      + created_at           = (known after apply)
      + id                   = (known after apply)
      + modified_at          = (known after apply)
      + resolve_conflicts    = "OVERWRITE"
      + tags                 = {
          + "Environment" = "kiada"
          + "Name"        = "jmgilman-kiada-dev-kubernetes"
          + "Namespace"   = "jmgilman"
          + "Stage"       = "dev"
        }
      + tags_all             = {
          + "Environment" = "kiada"
          + "Name"        = "jmgilman-kiada-dev-kubernetes"
          + "Namespace"   = "jmgilman"
          + "Stage"       = "dev"
        }

      + timeouts {}
    }

  # module.kubernetes.module.this.aws_eks_cluster.this[0] will be created
  + resource "aws_eks_cluster" "this" {
      + arn                       = (known after apply)
      + certificate_authority     = (known after apply)
      + cluster_id                = (known after apply)
      + created_at                = (known after apply)
      + enabled_cluster_log_types = [
          + "api",
          + "audit",
          + "authenticator",
        ]
      + endpoint                  = (known after apply)
      + id                        = (known after apply)
      + identity                  = (known after apply)
      + name                      = "kiada-dev"
      + platform_version          = (known after apply)
      + role_arn                  = (known after apply)
      + status                    = (known after apply)
      + tags                      = {
          + "Environment" = "kiada"
          + "Name"        = "jmgilman-kiada-dev-kubernetes"
          + "Namespace"   = "jmgilman"
          + "Stage"       = "dev"
        }
      + tags_all                  = {
          + "Environment" = "kiada"
          + "Name"        = "jmgilman-kiada-dev-kubernetes"
          + "Namespace"   = "jmgilman"
          + "Stage"       = "dev"
        }
      + version                   = "1.24"

      + encryption_config {
          + resources = [
              + "secrets",
            ]

          + provider {
              + key_arn = (known after apply)
            }
        }

      + kubernetes_network_config {
          + ip_family         = (known after apply)
          + service_ipv4_cidr = (known after apply)
          + service_ipv6_cidr = (known after apply)
        }

      + timeouts {}

      + vpc_config {
          + cluster_security_group_id = (known after apply)
          + endpoint_private_access   = true
          + endpoint_public_access    = true
          + public_access_cidrs       = [
              + "0.0.0.0/0",
            ]
          + security_group_ids        = (known after apply)
          + subnet_ids                = [
              + "subnet-030e8cb6d55557845",
              + "subnet-039e91c1553cfbf7b",
              + "subnet-0f43e037a1c8e4d50",
            ]
          + vpc_id                    = (known after apply)
        }
    }

  # module.kubernetes.module.this.aws_iam_openid_connect_provider.oidc_provider[0] will be created
  + resource "aws_iam_openid_connect_provider" "oidc_provider" {
      + arn             = (known after apply)
      + client_id_list  = [
          + "sts.amazonaws.com",
        ]
      + id              = (known after apply)
      + tags            = {
          + "Environment" = "kiada"
          + "Name"        = "jmgilman-kiada-dev-kubernetes"
          + "Namespace"   = "jmgilman"
          + "Stage"       = "dev"
        }
      + tags_all        = {
          + "Environment" = "kiada"
          + "Name"        = "jmgilman-kiada-dev-kubernetes"
          + "Namespace"   = "jmgilman"
          + "Stage"       = "dev"
        }
      + thumbprint_list = (known after apply)
      + url             = (known after apply)
    }

  # module.kubernetes.module.this.aws_iam_policy.cluster_encryption[0] will be created
  + resource "aws_iam_policy" "cluster_encryption" {
      + arn         = (known after apply)
      + description = "Cluster encryption policy to allow cluster role to utilize CMK provided"
      + id          = (known after apply)
      + name        = (known after apply)
      + name_prefix = "kiada-dev-cluster-ClusterEncryption"
      + path        = "/"
      + policy      = (known after apply)
      + policy_id   = (known after apply)
      + tags        = {
          + "Environment" = "kiada"
          + "Name"        = "jmgilman-kiada-dev-kubernetes"
          + "Namespace"   = "jmgilman"
          + "Stage"       = "dev"
        }
      + tags_all    = {
          + "Environment" = "kiada"
          + "Name"        = "jmgilman-kiada-dev-kubernetes"
          + "Namespace"   = "jmgilman"
          + "Stage"       = "dev"
        }
    }

  # module.kubernetes.module.this.aws_iam_role.this[0] will be created
  + resource "aws_iam_role" "this" {
      + arn                   = (known after apply)
      + assume_role_policy    = jsonencode(
            {
              + Statement = [
                  + {
                      + Action    = "sts:AssumeRole"
                      + Effect    = "Allow"
                      + Principal = {
                          + Service = "eks.amazonaws.com"
                        }
                      + Sid       = "EKSClusterAssumeRole"
                    },
                ]
              + Version   = "2012-10-17"
            }
        )
      + create_date           = (known after apply)
      + force_detach_policies = true
      + id                    = (known after apply)
      + managed_policy_arns   = (known after apply)
      + max_session_duration  = 3600
      + name                  = (known after apply)
      + name_prefix           = "kiada-dev-cluster-"
      + path                  = "/"
      + tags                  = {
          + "Environment" = "kiada"
          + "Name"        = "jmgilman-kiada-dev-kubernetes"
          + "Namespace"   = "jmgilman"
          + "Stage"       = "dev"
        }
      + tags_all              = {
          + "Environment" = "kiada"
          + "Name"        = "jmgilman-kiada-dev-kubernetes"
          + "Namespace"   = "jmgilman"
          + "Stage"       = "dev"
        }
      + unique_id             = (known after apply)

      + inline_policy {
          + name   = "kiada-dev-cluster"
          + policy = jsonencode(
                {
                  + Statement = [
                      + {
                          + Action   = [
                              + "logs:CreateLogGroup",
                            ]
                          + Effect   = "Deny"
                          + Resource = "*"
                        },
                    ]
                  + Version   = "2012-10-17"
                }
            )
        }
    }

  # module.kubernetes.module.this.aws_iam_role_policy_attachment.cluster_encryption[0] will be created
  + resource "aws_iam_role_policy_attachment" "cluster_encryption" {
      + id         = (known after apply)
      + policy_arn = (known after apply)
      + role       = (known after apply)
    }

  # module.kubernetes.module.this.aws_iam_role_policy_attachment.this["AmazonEKSClusterPolicy"] will be created
  + resource "aws_iam_role_policy_attachment" "this" {
      + id         = (known after apply)
      + policy_arn = "arn:aws:iam::aws:policy/AmazonEKSClusterPolicy"
      + role       = (known after apply)
    }

  # module.kubernetes.module.this.aws_iam_role_policy_attachment.this["AmazonEKSVPCResourceController"] will be created
  + resource "aws_iam_role_policy_attachment" "this" {
      + id         = (known after apply)
      + policy_arn = "arn:aws:iam::aws:policy/AmazonEKSVPCResourceController"
      + role       = (known after apply)
    }

  # module.kubernetes.module.this.aws_security_group.cluster[0] will be created
  + resource "aws_security_group" "cluster" {
      + arn                    = (known after apply)
      + description            = "EKS cluster security group"
      + egress                 = (known after apply)
      + id                     = (known after apply)
      + ingress                = (known after apply)
      + name                   = (known after apply)
      + name_prefix            = "kiada-dev-cluster-"
      + owner_id               = (known after apply)
      + revoke_rules_on_delete = false
      + tags                   = {
          + "Environment" = "kiada"
          + "Name"        = "kiada-dev-cluster"
          + "Namespace"   = "jmgilman"
          + "Stage"       = "dev"
        }
      + tags_all               = {
          + "Environment" = "kiada"
          + "Name"        = "kiada-dev-cluster"
          + "Namespace"   = "jmgilman"
          + "Stage"       = "dev"
        }
      + vpc_id                 = "vpc-0acf8ea1634d3505b"
    }

  # module.kubernetes.module.this.aws_security_group.node[0] will be created
  + resource "aws_security_group" "node" {
      + arn                    = (known after apply)
      + description            = "EKS node shared security group"
      + egress                 = (known after apply)
      + id                     = (known after apply)
      + ingress                = (known after apply)
      + name                   = (known after apply)
      + name_prefix            = "kiada-dev-node-"
      + owner_id               = (known after apply)
      + revoke_rules_on_delete = false
      + tags                   = {
          + "Environment"                     = "kiada"
          + "Name"                            = "kiada-dev-node"
          + "Namespace"                       = "jmgilman"
          + "Stage"                           = "dev"
          + "kubernetes.io/cluster/kiada-dev" = "owned"
        }
      + tags_all               = {
          + "Environment"                     = "kiada"
          + "Name"                            = "kiada-dev-node"
          + "Namespace"                       = "jmgilman"
          + "Stage"                           = "dev"
          + "kubernetes.io/cluster/kiada-dev" = "owned"
        }
      + vpc_id                 = "vpc-0acf8ea1634d3505b"
    }

  # module.kubernetes.module.this.aws_security_group_rule.cluster["ingress_nodes_443"] will be created
  + resource "aws_security_group_rule" "cluster" {
      + description              = "Node groups to cluster API"
      + from_port                = 443
      + id                       = (known after apply)
      + protocol                 = "tcp"
      + security_group_id        = (known after apply)
      + security_group_rule_id   = (known after apply)
      + self                     = false
      + source_security_group_id = (known after apply)
      + to_port                  = 443
      + type                     = "ingress"
    }

  # module.kubernetes.module.this.aws_security_group_rule.node["egress_all"] will be created
  + resource "aws_security_group_rule" "node" {
      + cidr_blocks              = [
          + "0.0.0.0/0",
        ]
      + description              = "Allow all egress"
      + from_port                = 0
      + id                       = (known after apply)
      + prefix_list_ids          = []
      + protocol                 = "-1"
      + security_group_id        = (known after apply)
      + security_group_rule_id   = (known after apply)
      + self                     = false
      + source_security_group_id = (known after apply)
      + to_port                  = 0
      + type                     = "egress"
    }

  # module.kubernetes.module.this.aws_security_group_rule.node["ingress_cluster_443"] will be created
  + resource "aws_security_group_rule" "node" {
      + description              = "Cluster API to node groups"
      + from_port                = 443
      + id                       = (known after apply)
      + prefix_list_ids          = []
      + protocol                 = "tcp"
      + security_group_id        = (known after apply)
      + security_group_rule_id   = (known after apply)
      + self                     = false
      + source_security_group_id = (known after apply)
      + to_port                  = 443
      + type                     = "ingress"
    }

  # module.kubernetes.module.this.aws_security_group_rule.node["ingress_cluster_4443_webhook"] will be created
  + resource "aws_security_group_rule" "node" {
      + description              = "Cluster API to node 4443/tcp webhook"
      + from_port                = 4443
      + id                       = (known after apply)
      + prefix_list_ids          = []
      + protocol                 = "tcp"
      + security_group_id        = (known after apply)
      + security_group_rule_id   = (known after apply)
      + self                     = false
      + source_security_group_id = (known after apply)
      + to_port                  = 4443
      + type                     = "ingress"
    }

  # module.kubernetes.module.this.aws_security_group_rule.node["ingress_cluster_8443_webhook"] will be created
  + resource "aws_security_group_rule" "node" {
      + description              = "Cluster API to node 8443/tcp webhook"
      + from_port                = 8443
      + id                       = (known after apply)
      + prefix_list_ids          = []
      + protocol                 = "tcp"
      + security_group_id        = (known after apply)
      + security_group_rule_id   = (known after apply)
      + self                     = false
      + source_security_group_id = (known after apply)
      + to_port                  = 8443
      + type                     = "ingress"
    }

  # module.kubernetes.module.this.aws_security_group_rule.node["ingress_cluster_9443_webhook"] will be created
  + resource "aws_security_group_rule" "node" {
      + description              = "Cluster API to node 9443/tcp webhook"
      + from_port                = 9443
      + id                       = (known after apply)
      + prefix_list_ids          = []
      + protocol                 = "tcp"
      + security_group_id        = (known after apply)
      + security_group_rule_id   = (known after apply)
      + self                     = false
      + source_security_group_id = (known after apply)
      + to_port                  = 9443
      + type                     = "ingress"
    }

  # module.kubernetes.module.this.aws_security_group_rule.node["ingress_cluster_kubelet"] will be created
  + resource "aws_security_group_rule" "node" {
      + description              = "Cluster API to node kubelets"
      + from_port                = 10250
      + id                       = (known after apply)
      + prefix_list_ids          = []
      + protocol                 = "tcp"
      + security_group_id        = (known after apply)
      + security_group_rule_id   = (known after apply)
      + self                     = false
      + source_security_group_id = (known after apply)
      + to_port                  = 10250
      + type                     = "ingress"
    }

  # module.kubernetes.module.this.aws_security_group_rule.node["ingress_nodes_ephemeral"] will be created
  + resource "aws_security_group_rule" "node" {
      + description              = "Node to node ingress on ephemeral ports"
      + from_port                = 1025
      + id                       = (known after apply)
      + prefix_list_ids          = []
      + protocol                 = "tcp"
      + security_group_id        = (known after apply)
      + security_group_rule_id   = (known after apply)
      + self                     = true
      + source_security_group_id = (known after apply)
      + to_port                  = 65535
      + type                     = "ingress"
    }

  # module.kubernetes.module.this.aws_security_group_rule.node["ingress_self_coredns_tcp"] will be created
  + resource "aws_security_group_rule" "node" {
      + description              = "Node to node CoreDNS"
      + from_port                = 53
      + id                       = (known after apply)
      + prefix_list_ids          = []
      + protocol                 = "tcp"
      + security_group_id        = (known after apply)
      + security_group_rule_id   = (known after apply)
      + self                     = true
      + source_security_group_id = (known after apply)
      + to_port                  = 53
      + type                     = "ingress"
    }

  # module.kubernetes.module.this.aws_security_group_rule.node["ingress_self_coredns_udp"] will be created
  + resource "aws_security_group_rule" "node" {
      + description              = "Node to node CoreDNS UDP"
      + from_port                = 53
      + id                       = (known after apply)
      + prefix_list_ids          = []
      + protocol                 = "udp"
      + security_group_id        = (known after apply)
      + security_group_rule_id   = (known after apply)
      + self                     = true
      + source_security_group_id = (known after apply)
      + to_port                  = 53
      + type                     = "ingress"
    }

  # module.kubernetes.module.this.module.eks_managed_node_group["default"].aws_eks_node_group.this[0] will be created
  + resource "aws_eks_node_group" "this" {
      + ami_type               = (known after apply)
      + arn                    = (known after apply)
      + capacity_type          = "ON_DEMAND"
      + cluster_name           = "kiada-dev"
      + disk_size              = 50
      + id                     = (known after apply)
      + instance_types         = [
          + "t2.medium",
          + "t3.medium",
        ]
      + node_group_name        = (known after apply)
      + node_group_name_prefix = "default-"
      + node_role_arn          = (known after apply)
      + release_version        = (known after apply)
      + resources              = (known after apply)
      + status                 = (known after apply)
      + subnet_ids             = [
          + "subnet-030e8cb6d55557845",
          + "subnet-039e91c1553cfbf7b",
          + "subnet-0f43e037a1c8e4d50",
        ]
      + tags                   = {
          + "Environment" = "kiada"
          + "Name"        = "default"
          + "Namespace"   = "jmgilman"
          + "Stage"       = "dev"
        }
      + tags_all               = {
          + "Environment" = "kiada"
          + "Name"        = "default"
          + "Namespace"   = "jmgilman"
          + "Stage"       = "dev"
        }
      + version                = "1.24"

      + scaling_config {
          + desired_size = 1
          + max_size     = 3
          + min_size     = 1
        }

      + timeouts {}

      + update_config {
          + max_unavailable_percentage = 33
        }
    }

  # module.kubernetes.module.this.module.eks_managed_node_group["default"].aws_iam_role.this[0] will be created
  + resource "aws_iam_role" "this" {
      + arn                   = (known after apply)
      + assume_role_policy    = jsonencode(
            {
              + Statement = [
                  + {
                      + Action    = "sts:AssumeRole"
                      + Effect    = "Allow"
                      + Principal = {
                          + Service = "ec2.amazonaws.com"
                        }
                      + Sid       = "EKSNodeAssumeRole"
                    },
                ]
              + Version   = "2012-10-17"
            }
        )
      + create_date           = (known after apply)
      + description           = "EKS managed node group IAM role"
      + force_detach_policies = true
      + id                    = (known after apply)
      + managed_policy_arns   = (known after apply)
      + max_session_duration  = 3600
      + name                  = (known after apply)
      + name_prefix           = "default-eks-node-group-"
      + path                  = "/"
      + tags                  = {
          + "Environment" = "kiada"
          + "Name"        = "jmgilman-kiada-dev-kubernetes"
          + "Namespace"   = "jmgilman"
          + "Stage"       = "dev"
        }
      + tags_all              = {
          + "Environment" = "kiada"
          + "Name"        = "jmgilman-kiada-dev-kubernetes"
          + "Namespace"   = "jmgilman"
          + "Stage"       = "dev"
        }
      + unique_id             = (known after apply)

      + inline_policy {
          + name   = (known after apply)
          + policy = (known after apply)
        }
    }

  # module.kubernetes.module.this.module.eks_managed_node_group["default"].aws_iam_role_policy_attachment.this["arn:aws:iam::aws:policy/AmazonEC2ContainerRegistryReadOnly"] will be created
  + resource "aws_iam_role_policy_attachment" "this" {
      + id         = (known after apply)
      + policy_arn = "arn:aws:iam::aws:policy/AmazonEC2ContainerRegistryReadOnly"
      + role       = (known after apply)
    }

  # module.kubernetes.module.this.module.eks_managed_node_group["default"].aws_iam_role_policy_attachment.this["arn:aws:iam::aws:policy/AmazonEKSWorkerNodePolicy"] will be created
  + resource "aws_iam_role_policy_attachment" "this" {
      + id         = (known after apply)
      + policy_arn = "arn:aws:iam::aws:policy/AmazonEKSWorkerNodePolicy"
      + role       = (known after apply)
    }

  # module.kubernetes.module.this.module.eks_managed_node_group["default"].aws_iam_role_policy_attachment.this["arn:aws:iam::aws:policy/AmazonEKS_CNI_Policy"] will be created
  + resource "aws_iam_role_policy_attachment" "this" {
      + id         = (known after apply)
      + policy_arn = "arn:aws:iam::aws:policy/AmazonEKS_CNI_Policy"
      + role       = (known after apply)
    }

  # module.kubernetes.module.this.module.kms.data.aws_iam_policy_document.this[0] will be read during apply
  # (config refers to values not yet known)
 <= data "aws_iam_policy_document" "this" {
      + id                        = (known after apply)
      + json                      = (known after apply)
      + override_policy_documents = []
      + source_policy_documents   = []

      + statement {
          + actions   = [
              + "kms:CancelKeyDeletion",
              + "kms:Create*",
              + "kms:Delete*",
              + "kms:Describe*",
              + "kms:Disable*",
              + "kms:Enable*",
              + "kms:Get*",
              + "kms:List*",
              + "kms:Put*",
              + "kms:Revoke*",
              + "kms:ScheduleKeyDeletion",
              + "kms:TagResource",
              + "kms:UntagResource",
              + "kms:Update*",
            ]
          + resources = [
              + "*",
            ]
          + sid       = "KeyAdministration"

          + principals {
              + identifiers = [
                  + "arn:aws:iam::482660645658:user/cloud_user",
                ]
              + type        = "AWS"
            }
        }
      + statement {
          + actions   = [
              + "kms:Decrypt",
              + "kms:DescribeKey",
              + "kms:Encrypt",
              + "kms:GenerateDataKey*",
              + "kms:ReEncrypt*",
            ]
          + resources = [
              + "*",
            ]
          + sid       = "KeyUsage"

          + principals {
              + identifiers = [
                  + (known after apply),
                ]
              + type        = "AWS"
            }
        }
    }

  # module.kubernetes.module.this.module.kms.aws_kms_alias.this["cluster"] will be created
  + resource "aws_kms_alias" "this" {
      + arn            = (known after apply)
      + id             = (known after apply)
      + name           = "alias/eks/kiada-dev"
      + name_prefix    = (known after apply)
      + target_key_arn = (known after apply)
      + target_key_id  = (known after apply)
    }

  # module.kubernetes.module.this.module.kms.aws_kms_key.this[0] will be created
  + resource "aws_kms_key" "this" {
      + arn                                = (known after apply)
      + bypass_policy_lockout_safety_check = false
      + customer_master_key_spec           = "SYMMETRIC_DEFAULT"
      + description                        = "kiada-dev cluster encryption key"
      + enable_key_rotation                = true
      + id                                 = (known after apply)
      + is_enabled                         = true
      + key_id                             = (known after apply)
      + key_usage                          = "ENCRYPT_DECRYPT"
      + multi_region                       = false
      + policy                             = (known after apply)
      + tags                               = {
          + "Environment" = "kiada"
          + "Name"        = "jmgilman-kiada-dev-kubernetes"
          + "Namespace"   = "jmgilman"
          + "Stage"       = "dev"
        }
      + tags_all                           = {
          + "Environment" = "kiada"
          + "Name"        = "jmgilman-kiada-dev-kubernetes"
          + "Namespace"   = "jmgilman"
          + "Stage"       = "dev"
        }
    }

Plan: 33 to add, 0 to change, 0 to destroy.

─────────────────────────────────────────────────────────────────────────────

Note: You didn't use the -out option to save this plan, so Terraform can't
guarantee to take exactly these actions if you run "terraform apply" now.
